// !$*UTF8*$!
{
	archiveVersion = 1;
	classes = {
	};
	objectVersion = 56;
	objects = {

/* Begin PBXBuildFile section */
		8A8856E82A090EE700397B3C /* StatementApp.swift in Sources */ = {isa = PBXBuildFile; fileRef = 8A8856E72A090EE700397B3C /* StatementApp.swift */; };
		8A8856EC2A090EE700397B3C /* ContentView.swift in Sources */ = {isa = PBXBuildFile; fileRef = 8A8856EB2A090EE700397B3C /* ContentView.swift */; };
		8A8856EE2A090EE700397B3C /* Assets.xcassets in Resources */ = {isa = PBXBuildFile; fileRef = 8A8856ED2A090EE700397B3C /* Assets.xcassets */; };
		8A8856F12A090EE700397B3C /* Preview Assets.xcassets in Resources */ = {isa = PBXBuildFile; fileRef = 8A8856F02A090EE700397B3C /* Preview Assets.xcassets */; };
		8A8856FA2A09184600397B3C /* Model.swift in Sources */ = {isa = PBXBuildFile; fileRef = 8A8856F92A09184600397B3C /* Model.swift */; };
		8A8856FD2A09198700397B3C /* DottedBackgroundView.swift in Sources */ = {isa = PBXBuildFile; fileRef = 8A8856FC2A09198700397B3C /* DottedBackgroundView.swift */; };
		8A8857002A091CDB00397B3C /* Color.swift in Sources */ = {isa = PBXBuildFile; fileRef = 8A8856FF2A091CDB00397B3C /* Color.swift */; };
		8A8857022A091E5200397B3C /* ButtonStyleRegular.swift in Sources */ = {isa = PBXBuildFile; fileRef = 8A8857012A091E5200397B3C /* ButtonStyleRegular.swift */; };
		8A8857042A091EF300397B3C /* PaperStackView.swift in Sources */ = {isa = PBXBuildFile; fileRef = 8A8857032A091EF300397B3C /* PaperStackView.swift */; };
		8A8857062A0926B100397B3C /* OpenPhotosButtonView.swift in Sources */ = {isa = PBXBuildFile; fileRef = 8A8857052A0926B100397B3C /* OpenPhotosButtonView.swift */; };
		8A8857082A09286200397B3C /* ImageView.swift in Sources */ = {isa = PBXBuildFile; fileRef = 8A8857072A09286200397B3C /* ImageView.swift */; };
		8A88570A2A092A3A00397B3C /* ImageEditorView.swift in Sources */ = {isa = PBXBuildFile; fileRef = 8A8857092A092A3A00397B3C /* ImageEditorView.swift */; };
		8A88570C2A092E3F00397B3C /* OpenPhotosToolbarButtonView.swift in Sources */ = {isa = PBXBuildFile; fileRef = 8A88570B2A092E3F00397B3C /* OpenPhotosToolbarButtonView.swift */; };
		8A88570E2A0933B800397B3C /* ResizableView.swift in Sources */ = {isa = PBXBuildFile; fileRef = 8A88570D2A0933B800397B3C /* ResizableView.swift */; };
		8A8857162A0954CB00397B3C /* ImageSpecView.swift in Sources */ = {isa = PBXBuildFile; fileRef = 8A8857152A0954CB00397B3C /* ImageSpecView.swift */; };
		8A8857182A0A55E900397B3C /* RGBtoHSV.swift in Sources */ = {isa = PBXBuildFile; fileRef = 8A8857172A0A55E900397B3C /* RGBtoHSV.swift */; };
		8A88571A2A0A57B400397B3C /* ColorCubeModel.swift in Sources */ = {isa = PBXBuildFile; fileRef = 8A8857192A0A57B400397B3C /* ColorCubeModel.swift */; };
		8A88571C2A0A5BEA00397B3C /* SepiaModel.swift in Sources */ = {isa = PBXBuildFile; fileRef = 8A88571B2A0A5BEA00397B3C /* SepiaModel.swift */; };
		8A88571E2A0A5D1000397B3C /* BaseFilterModel.swift in Sources */ = {isa = PBXBuildFile; fileRef = 8A88571D2A0A5D1000397B3C /* BaseFilterModel.swift */; };
		8A8857222A0A5DD600397B3C /* EditorImage.swift in Sources */ = {isa = PBXBuildFile; fileRef = 8A8857212A0A5DD600397B3C /* EditorImage.swift */; };
		8A8857242A0A5DF200397B3C /* ImageState.swift in Sources */ = {isa = PBXBuildFile; fileRef = 8A8857232A0A5DF200397B3C /* ImageState.swift */; };
/* End PBXBuildFile section */

/* Begin PBXFileReference section */
		8A8856E42A090EE700397B3C /* Statement.app */ = {isa = PBXFileReference; explicitFileType = wrapper.application; includeInIndex = 0; path = Statement.app; sourceTree = BUILT_PRODUCTS_DIR; };
		8A8856E72A090EE700397B3C /* StatementApp.swift */ = {isa = PBXFileReference; lastKnownFileType = sourcecode.swift; path = StatementApp.swift; sourceTree = "<group>"; };
		8A8856EB2A090EE700397B3C /* ContentView.swift */ = {isa = PBXFileReference; lastKnownFileType = sourcecode.swift; path = ContentView.swift; sourceTree = "<group>"; };
		8A8856ED2A090EE700397B3C /* Assets.xcassets */ = {isa = PBXFileReference; lastKnownFileType = folder.assetcatalog; path = Assets.xcassets; sourceTree = "<group>"; };
		8A8856F02A090EE700397B3C /* Preview Assets.xcassets */ = {isa = PBXFileReference; lastKnownFileType = folder.assetcatalog; path = "Preview Assets.xcassets"; sourceTree = "<group>"; };
		8A8856F22A090EE700397B3C /* Info.plist */ = {isa = PBXFileReference; lastKnownFileType = text.plist.xml; path = Info.plist; sourceTree = "<group>"; };
		8A8856F32A090EE700397B3C /* Statement.entitlements */ = {isa = PBXFileReference; lastKnownFileType = text.plist.entitlements; path = Statement.entitlements; sourceTree = "<group>"; };
		8A8856F92A09184600397B3C /* Model.swift */ = {isa = PBXFileReference; lastKnownFileType = sourcecode.swift; path = Model.swift; sourceTree = "<group>"; };
		8A8856FC2A09198700397B3C /* DottedBackgroundView.swift */ = {isa = PBXFileReference; lastKnownFileType = sourcecode.swift; path = DottedBackgroundView.swift; sourceTree = "<group>"; };
		8A8856FF2A091CDB00397B3C /* Color.swift */ = {isa = PBXFileReference; fileEncoding = 4; lastKnownFileType = sourcecode.swift; path = Color.swift; sourceTree = "<group>"; };
		8A8857012A091E5200397B3C /* ButtonStyleRegular.swift */ = {isa = PBXFileReference; fileEncoding = 4; lastKnownFileType = sourcecode.swift; path = ButtonStyleRegular.swift; sourceTree = "<group>"; };
		8A8857032A091EF300397B3C /* PaperStackView.swift */ = {isa = PBXFileReference; lastKnownFileType = sourcecode.swift; path = PaperStackView.swift; sourceTree = "<group>"; };
		8A8857052A0926B100397B3C /* OpenPhotosButtonView.swift */ = {isa = PBXFileReference; lastKnownFileType = sourcecode.swift; path = OpenPhotosButtonView.swift; sourceTree = "<group>"; };
		8A8857072A09286200397B3C /* ImageView.swift */ = {isa = PBXFileReference; lastKnownFileType = sourcecode.swift; path = ImageView.swift; sourceTree = "<group>"; };
		8A8857092A092A3A00397B3C /* ImageEditorView.swift */ = {isa = PBXFileReference; lastKnownFileType = sourcecode.swift; path = ImageEditorView.swift; sourceTree = "<group>"; };
		8A88570B2A092E3F00397B3C /* OpenPhotosToolbarButtonView.swift */ = {isa = PBXFileReference; lastKnownFileType = sourcecode.swift; path = OpenPhotosToolbarButtonView.swift; sourceTree = "<group>"; };
		8A88570D2A0933B800397B3C /* ResizableView.swift */ = {isa = PBXFileReference; lastKnownFileType = sourcecode.swift; path = ResizableView.swift; sourceTree = "<group>"; };
		8A8857152A0954CB00397B3C /* ImageSpecView.swift */ = {isa = PBXFileReference; lastKnownFileType = sourcecode.swift; path = ImageSpecView.swift; sourceTree = "<group>"; };
		8A8857172A0A55E900397B3C /* RGBtoHSV.swift */ = {isa = PBXFileReference; fileEncoding = 4; lastKnownFileType = sourcecode.swift; path = RGBtoHSV.swift; sourceTree = "<group>"; };
		8A8857192A0A57B400397B3C /* ColorCubeModel.swift */ = {isa = PBXFileReference; lastKnownFileType = sourcecode.swift; path = ColorCubeModel.swift; sourceTree = "<group>"; };
		8A88571B2A0A5BEA00397B3C /* SepiaModel.swift */ = {isa = PBXFileReference; fileEncoding = 4; lastKnownFileType = sourcecode.swift; path = SepiaModel.swift; sourceTree = "<group>"; };
		8A88571D2A0A5D1000397B3C /* BaseFilterModel.swift */ = {isa = PBXFileReference; lastKnownFileType = sourcecode.swift; path = BaseFilterModel.swift; sourceTree = "<group>"; };
		8A8857212A0A5DD600397B3C /* EditorImage.swift */ = {isa = PBXFileReference; lastKnownFileType = sourcecode.swift; path = EditorImage.swift; sourceTree = "<group>"; };
		8A8857232A0A5DF200397B3C /* ImageState.swift */ = {isa = PBXFileReference; lastKnownFileType = sourcecode.swift; path = ImageState.swift; sourceTree = "<group>"; };
/* End PBXFileReference section */

/* Begin PBXFrameworksBuildPhase section */
		8A8856E12A090EE700397B3C /* Frameworks */ = {
			isa = PBXFrameworksBuildPhase;
			buildActionMask = 2147483647;
			files = (
			);
			runOnlyForDeploymentPostprocessing = 0;
		};
/* End PBXFrameworksBuildPhase section */

/* Begin PBXGroup section */
		8A8856DB2A090EE700397B3C = {
			isa = PBXGroup;
			children = (
				8A8856E62A090EE700397B3C /* Statement */,
				8A8856E52A090EE700397B3C /* Products */,
			);
			sourceTree = "<group>";
		};
		8A8856E52A090EE700397B3C /* Products */ = {
			isa = PBXGroup;
			children = (
				8A8856E42A090EE700397B3C /* Statement.app */,
			);
			name = Products;
			sourceTree = "<group>";
		};
		8A8856E62A090EE700397B3C /* Statement */ = {
			isa = PBXGroup;
			children = (
				8A8856FE2A091CD400397B3C /* Extensions */,
				8A8856E72A090EE700397B3C /* StatementApp.swift */,
				8A8856EB2A090EE700397B3C /* ContentView.swift */,
				8A8857202A0A5D2900397B3C /* Filters */,
				8A8856FB2A09197D00397B3C /* Components */,
				8A8856F92A09184600397B3C /* Model.swift */,
				8A8857212A0A5DD600397B3C /* EditorImage.swift */,
				8A8857232A0A5DF200397B3C /* ImageState.swift */,
				8A8856ED2A090EE700397B3C /* Assets.xcassets */,
				8A8856F22A090EE700397B3C /* Info.plist */,
				8A8856F32A090EE700397B3C /* Statement.entitlements */,
				8A8856EF2A090EE700397B3C /* Preview Content */,
			);
			path = Statement;
			sourceTree = "<group>";
		};
		8A8856EF2A090EE700397B3C /* Preview Content */ = {
			isa = PBXGroup;
			children = (
				8A8856F02A090EE700397B3C /* Preview Assets.xcassets */,
			);
			path = "Preview Content";
			sourceTree = "<group>";
		};
		8A8856FB2A09197D00397B3C /* Components */ = {
			isa = PBXGroup;
			children = (
				8A8856FC2A09198700397B3C /* DottedBackgroundView.swift */,
				8A8857032A091EF300397B3C /* PaperStackView.swift */,
				8A8857052A0926B100397B3C /* OpenPhotosButtonView.swift */,
				8A88570B2A092E3F00397B3C /* OpenPhotosToolbarButtonView.swift */,
				8A8857072A09286200397B3C /* ImageView.swift */,
				8A8857092A092A3A00397B3C /* ImageEditorView.swift */,
				8A8857152A0954CB00397B3C /* ImageSpecView.swift */,
				8A88570D2A0933B800397B3C /* ResizableView.swift */,
			);
			path = Components;
			sourceTree = "<group>";
		};
		8A8856FE2A091CD400397B3C /* Extensions */ = {
			isa = PBXGroup;
			children = (
				8A8857172A0A55E900397B3C /* RGBtoHSV.swift */,
				8A8857012A091E5200397B3C /* ButtonStyleRegular.swift */,
				8A8856FF2A091CDB00397B3C /* Color.swift */,
			);
			path = Extensions;
			sourceTree = "<group>";
		};
		8A8857202A0A5D2900397B3C /* Filters */ = {
			isa = PBXGroup;
			children = (
				8A8857192A0A57B400397B3C /* ColorCubeModel.swift */,
				8A88571B2A0A5BEA00397B3C /* SepiaModel.swift */,
				8A88571D2A0A5D1000397B3C /* BaseFilterModel.swift */,
			);
			path = Filters;
			sourceTree = "<group>";
		};
/* End PBXGroup section */

/* Begin PBXNativeTarget section */
		8A8856E32A090EE700397B3C /* Statement */ = {
			isa = PBXNativeTarget;
			buildConfigurationList = 8A8856F62A090EE700397B3C /* Build configuration list for PBXNativeTarget "Statement" */;
			buildPhases = (
				8A8856E02A090EE700397B3C /* Sources */,
				8A8856E12A090EE700397B3C /* Frameworks */,
				8A8856E22A090EE700397B3C /* Resources */,
			);
			buildRules = (
			);
			dependencies = (
			);
			name = Statement;
			productName = Statement;
			productReference = 8A8856E42A090EE700397B3C /* Statement.app */;
			productType = "com.apple.product-type.application";
		};
/* End PBXNativeTarget section */

/* Begin PBXProject section */
		8A8856DC2A090EE700397B3C /* Project object */ = {
			isa = PBXProject;
			attributes = {
				BuildIndependentTargetsInParallel = 1;
				LastSwiftUpdateCheck = 1430;
				LastUpgradeCheck = 1430;
				TargetAttributes = {
					8A8856E32A090EE700397B3C = {
						CreatedOnToolsVersion = 14.3;
					};
				};
			};
			buildConfigurationList = 8A8856DF2A090EE700397B3C /* Build configuration list for PBXProject "Statement" */;
			compatibilityVersion = "Xcode 14.0";
			developmentRegion = en;
			hasScannedForEncodings = 0;
			knownRegions = (
				en,
				Base,
			);
			mainGroup = 8A8856DB2A090EE700397B3C;
			productRefGroup = 8A8856E52A090EE700397B3C /* Products */;
			projectDirPath = "";
			projectRoot = "";
			targets = (
				8A8856E32A090EE700397B3C /* Statement */,
			);
		};
/* End PBXProject section */

/* Begin PBXResourcesBuildPhase section */
		8A8856E22A090EE700397B3C /* Resources */ = {
			isa = PBXResourcesBuildPhase;
			buildActionMask = 2147483647;
			files = (
				8A8856F12A090EE700397B3C /* Preview Assets.xcassets in Resources */,
				8A8856EE2A090EE700397B3C /* Assets.xcassets in Resources */,
			);
			runOnlyForDeploymentPostprocessing = 0;
		};
/* End PBXResourcesBuildPhase section */

/* Begin PBXSourcesBuildPhase section */
		8A8856E02A090EE700397B3C /* Sources */ = {
			isa = PBXSourcesBuildPhase;
			buildActionMask = 2147483647;
			files = (
				8A8857082A09286200397B3C /* ImageView.swift in Sources */,
				8A8857042A091EF300397B3C /* PaperStackView.swift in Sources */,
				8A8857222A0A5DD600397B3C /* EditorImage.swift in Sources */,
				8A8857022A091E5200397B3C /* ButtonStyleRegular.swift in Sources */,
				8A88570A2A092A3A00397B3C /* ImageEditorView.swift in Sources */,
				8A8857062A0926B100397B3C /* OpenPhotosButtonView.swift in Sources */,
				8A8856E82A090EE700397B3C /* StatementApp.swift in Sources */,
				8A8856EC2A090EE700397B3C /* ContentView.swift in Sources */,
				8A8856FD2A09198700397B3C /* DottedBackgroundView.swift in Sources */,
				8A8857182A0A55E900397B3C /* RGBtoHSV.swift in Sources */,
				8A88571E2A0A5D1000397B3C /* BaseFilterModel.swift in Sources */,
				8A8857162A0954CB00397B3C /* ImageSpecView.swift in Sources */,
				8A88571C2A0A5BEA00397B3C /* SepiaModel.swift in Sources */,
				8A8856FA2A09184600397B3C /* Model.swift in Sources */,
				8A8857002A091CDB00397B3C /* Color.swift in Sources */,
				8A8857242A0A5DF200397B3C /* ImageState.swift in Sources */,
				8A88570C2A092E3F00397B3C /* OpenPhotosToolbarButtonView.swift in Sources */,
				8A88571A2A0A57B400397B3C /* ColorCubeModel.swift in Sources */,
				8A88570E2A0933B800397B3C /* ResizableView.swift in Sources */,
			);
			runOnlyForDeploymentPostprocessing = 0;
		};
/* End PBXSourcesBuildPhase section */

/* Begin XCBuildConfiguration section */
		8A8856F42A090EE700397B3C /* Debug */ = {
			isa = XCBuildConfiguration;
			buildSettings = {
				ALWAYS_SEARCH_USER_PATHS = NO;
				CLANG_ANALYZER_NONNULL = YES;
				CLANG_ANALYZER_NUMBER_OBJECT_CONVERSION = YES_AGGRESSIVE;
				CLANG_CXX_LANGUAGE_STANDARD = "gnu++20";
				CLANG_ENABLE_MODULES = YES;
				CLANG_ENABLE_OBJC_ARC = YES;
				CLANG_ENABLE_OBJC_WEAK = YES;
				CLANG_WARN_BLOCK_CAPTURE_AUTORELEASING = YES;
				CLANG_WARN_BOOL_CONVERSION = YES;
				CLANG_WARN_COMMA = YES;
				CLANG_WARN_CONSTANT_CONVERSION = YES;
				CLANG_WARN_DEPRECATED_OBJC_IMPLEMENTATIONS = YES;
				CLANG_WARN_DIRECT_OBJC_ISA_USAGE = YES_ERROR;
				CLANG_WARN_DOCUMENTATION_COMMENTS = YES;
				CLANG_WARN_EMPTY_BODY = YES;
				CLANG_WARN_ENUM_CONVERSION = YES;
				CLANG_WARN_INFINITE_RECURSION = YES;
				CLANG_WARN_INT_CONVERSION = YES;
				CLANG_WARN_NON_LITERAL_NULL_CONVERSION = YES;
				CLANG_WARN_OBJC_IMPLICIT_RETAIN_SELF = YES;
				CLANG_WARN_OBJC_LITERAL_CONVERSION = YES;
				CLANG_WARN_OBJC_ROOT_CLASS = YES_ERROR;
				CLANG_WARN_QUOTED_INCLUDE_IN_FRAMEWORK_HEADER = YES;
				CLANG_WARN_RANGE_LOOP_ANALYSIS = YES;
				CLANG_WARN_STRICT_PROTOTYPES = YES;
				CLANG_WARN_SUSPICIOUS_MOVE = YES;
				CLANG_WARN_UNGUARDED_AVAILABILITY = YES_AGGRESSIVE;
				CLANG_WARN_UNREACHABLE_CODE = YES;
				CLANG_WARN__DUPLICATE_METHOD_MATCH = YES;
				COPY_PHASE_STRIP = NO;
				DEBUG_INFORMATION_FORMAT = dwarf;
				ENABLE_STRICT_OBJC_MSGSEND = YES;
				ENABLE_TESTABILITY = YES;
				GCC_C_LANGUAGE_STANDARD = gnu11;
				GCC_DYNAMIC_NO_PIC = NO;
				GCC_NO_COMMON_BLOCKS = YES;
				GCC_OPTIMIZATION_LEVEL = 0;
				GCC_PREPROCESSOR_DEFINITIONS = (
					"DEBUG=1",
					"$(inherited)",
				);
				GCC_WARN_64_TO_32_BIT_CONVERSION = YES;
				GCC_WARN_ABOUT_RETURN_TYPE = YES_ERROR;
				GCC_WARN_UNDECLARED_SELECTOR = YES;
				GCC_WARN_UNINITIALIZED_AUTOS = YES_AGGRESSIVE;
				GCC_WARN_UNUSED_FUNCTION = YES;
				GCC_WARN_UNUSED_VARIABLE = YES;
				MACOSX_DEPLOYMENT_TARGET = 13.3;
				MTL_ENABLE_DEBUG_INFO = INCLUDE_SOURCE;
				MTL_FAST_MATH = YES;
				ONLY_ACTIVE_ARCH = YES;
				SDKROOT = macosx;
				SWIFT_ACTIVE_COMPILATION_CONDITIONS = DEBUG;
				SWIFT_OPTIMIZATION_LEVEL = "-Onone";
			};
			name = Debug;
		};
		8A8856F52A090EE700397B3C /* Release */ = {
			isa = XCBuildConfiguration;
			buildSettings = {
				ALWAYS_SEARCH_USER_PATHS = NO;
				CLANG_ANALYZER_NONNULL = YES;
				CLANG_ANALYZER_NUMBER_OBJECT_CONVERSION = YES_AGGRESSIVE;
				CLANG_CXX_LANGUAGE_STANDARD = "gnu++20";
				CLANG_ENABLE_MODULES = YES;
				CLANG_ENABLE_OBJC_ARC = YES;
				CLANG_ENABLE_OBJC_WEAK = YES;
				CLANG_WARN_BLOCK_CAPTURE_AUTORELEASING = YES;
				CLANG_WARN_BOOL_CONVERSION = YES;
				CLANG_WARN_COMMA = YES;
				CLANG_WARN_CONSTANT_CONVERSION = YES;
				CLANG_WARN_DEPRECATED_OBJC_IMPLEMENTATIONS = YES;
				CLANG_WARN_DIRECT_OBJC_ISA_USAGE = YES_ERROR;
				CLANG_WARN_DOCUMENTATION_COMMENTS = YES;
				CLANG_WARN_EMPTY_BODY = YES;
				CLANG_WARN_ENUM_CONVERSION = YES;
				CLANG_WARN_INFINITE_RECURSION = YES;
				CLANG_WARN_INT_CONVERSION = YES;
				CLANG_WARN_NON_LITERAL_NULL_CONVERSION = YES;
				CLANG_WARN_OBJC_IMPLICIT_RETAIN_SELF = YES;
				CLANG_WARN_OBJC_LITERAL_CONVERSION = YES;
				CLANG_WARN_OBJC_ROOT_CLASS = YES_ERROR;
				CLANG_WARN_QUOTED_INCLUDE_IN_FRAMEWORK_HEADER = YES;
				CLANG_WARN_RANGE_LOOP_ANALYSIS = YES;
				CLANG_WARN_STRICT_PROTOTYPES = YES;
				CLANG_WARN_SUSPICIOUS_MOVE = YES;
				CLANG_WARN_UNGUARDED_AVAILABILITY = YES_AGGRESSIVE;
				CLANG_WARN_UNREACHABLE_CODE = YES;
				CLANG_WARN__DUPLICATE_METHOD_MATCH = YES;
				COPY_PHASE_STRIP = NO;
				DEBUG_INFORMATION_FORMAT = "dwarf-with-dsym";
				ENABLE_NS_ASSERTIONS = NO;
				ENABLE_STRICT_OBJC_MSGSEND = YES;
				GCC_C_LANGUAGE_STANDARD = gnu11;
				GCC_NO_COMMON_BLOCKS = YES;
				GCC_WARN_64_TO_32_BIT_CONVERSION = YES;
				GCC_WARN_ABOUT_RETURN_TYPE = YES_ERROR;
				GCC_WARN_UNDECLARED_SELECTOR = YES;
				GCC_WARN_UNINITIALIZED_AUTOS = YES_AGGRESSIVE;
				GCC_WARN_UNUSED_FUNCTION = YES;
				GCC_WARN_UNUSED_VARIABLE = YES;
				MACOSX_DEPLOYMENT_TARGET = 13.3;
				MTL_ENABLE_DEBUG_INFO = NO;
				MTL_FAST_MATH = YES;
				SDKROOT = macosx;
				SWIFT_COMPILATION_MODE = wholemodule;
				SWIFT_OPTIMIZATION_LEVEL = "-O";
			};
			name = Release;
		};
		8A8856F72A090EE700397B3C /* Debug */ = {
			isa = XCBuildConfiguration;
			buildSettings = {
				ASSETCATALOG_COMPILER_APPICON_NAME = AppIcon;
				ASSETCATALOG_COMPILER_GLOBAL_ACCENT_COLOR_NAME = AccentColor;
				CODE_SIGN_ENTITLEMENTS = Statement/Statement.entitlements;
				CODE_SIGN_STYLE = Automatic;
				COMBINE_HIDPI_IMAGES = YES;
				CURRENT_PROJECT_VERSION = 1;
				DEVELOPMENT_ASSET_PATHS = "\"Statement/Preview Content\"";
				DEVELOPMENT_TEAM = RT5BSWJB4U;
				ENABLE_HARDENED_RUNTIME = YES;
				ENABLE_PREVIEWS = YES;
				GENERATE_INFOPLIST_FILE = YES;
				INFOPLIST_FILE = Statement/Info.plist;
				INFOPLIST_KEY_NSHumanReadableCopyright = "";
				LD_RUNPATH_SEARCH_PATHS = (
					"$(inherited)",
					"@executable_path/../Frameworks",
				);
				MARKETING_VERSION = 1.0;
				PRODUCT_BUNDLE_IDENTIFIER = com.stefkors.Statement;
				PRODUCT_NAME = "$(TARGET_NAME)";
				SWIFT_EMIT_LOC_STRINGS = YES;
				SWIFT_VERSION = 5.0;
			};
			name = Debug;
		};
		8A8856F82A090EE700397B3C /* Release */ = {
			isa = XCBuildConfiguration;
			buildSettings = {
				ASSETCATALOG_COMPILER_APPICON_NAME = AppIcon;
				ASSETCATALOG_COMPILER_GLOBAL_ACCENT_COLOR_NAME = AccentColor;
				CODE_SIGN_ENTITLEMENTS = Statement/Statement.entitlements;
				CODE_SIGN_STYLE = Automatic;
				COMBINE_HIDPI_IMAGES = YES;
				CURRENT_PROJECT_VERSION = 1;
				DEVELOPMENT_ASSET_PATHS = "\"Statement/Preview Content\"";
				DEVELOPMENT_TEAM = RT5BSWJB4U;
				ENABLE_HARDENED_RUNTIME = YES;
				ENABLE_PREVIEWS = YES;
				GENERATE_INFOPLIST_FILE = YES;
				INFOPLIST_FILE = Statement/Info.plist;
				INFOPLIST_KEY_NSHumanReadableCopyright = "";
				LD_RUNPATH_SEARCH_PATHS = (
					"$(inherited)",
					"@executable_path/../Frameworks",
				);
				MARKETING_VERSION = 1.0;
				PRODUCT_BUNDLE_IDENTIFIER = com.stefkors.Statement;
				PRODUCT_NAME = "$(TARGET_NAME)";
				SWIFT_EMIT_LOC_STRINGS = YES;
				SWIFT_VERSION = 5.0;
			};
			name = Release;
		};
/* End XCBuildConfiguration section */

/* Begin XCConfigurationList section */
		8A8856DF2A090EE700397B3C /* Build configuration list for PBXProject "Statement" */ = {
			isa = XCConfigurationList;
			buildConfigurations = (
				8A8856F42A090EE700397B3C /* Debug */,
				8A8856F52A090EE700397B3C /* Release */,
			);
			defaultConfigurationIsVisible = 0;
			defaultConfigurationName = Release;
		};
		8A8856F62A090EE700397B3C /* Build configuration list for PBXNativeTarget "Statement" */ = {
			isa = XCConfigurationList;
			buildConfigurations = (
				8A8856F72A090EE700397B3C /* Debug */,
				8A8856F82A090EE700397B3C /* Release */,
			);
			defaultConfigurationIsVisible = 0;
			defaultConfigurationName = Release;
		};
/* End XCConfigurationList section */
	};
	rootObject = 8A8856DC2A090EE700397B3C /* Project object */;
}
